{
  "version": 4,
  "terraform_version": "0.12.28",
  "serial": 17,
  "lineage": "03b15d45-a0d3-b53b-6da5-110288c65605",
  "outputs": {},
  "resources": [
    {
      "mode": "data",
      "type": "ibm_pi_image",
      "name": "powerimages",
      "provider": "provider.ibm",
      "instances": [
        {
          "schema_version": 0,
          "attributes": {
            "architecture": "ppc64",
            "hypervisor": "phyp",
            "id": "a4d75c26-f7bb-4a37-999e-278cfe9579a3",
            "operatingsystem": "ibmi",
            "pi_cloud_instance_id": "f0f71cbe-7997-4924-8321-7f876a494973",
            "pi_image_name": "ibm74-dev-mop",
            "size": 80,
            "state": "active"
          }
        }
      ]
    },
    {
      "mode": "data",
      "type": "ibm_pi_key",
      "name": "dskey",
      "provider": "provider.ibm",
      "instances": [
        {
          "schema_version": 0,
          "attributes": {
            "creation_date": null,
            "id": "TEST",
            "pi_cloud_instance_id": "f0f71cbe-7997-4924-8321-7f876a494973",
            "pi_key_name": "TEST",
            "sshkey": "ssh-rsa AAAAB3NzaC1yc2EAAAADAQABAAABAQCwSB2aPXJjf63vGJ2LUbZxjazahPSgYnfe0rXmx+rMCu7adJcXbM6GHN5LqEQ9OPnLv99YwraE6f5OgZtHVzzD8FBaXk5NdMxXNhSXD1P0MAbJnUMxgOK+2Siodl/0iF0EjuKuu3QneR68jA3c57/YkKK4MaZRVnG+KMTKw8A6LsLGUPFc/PyZcoNMZFCpZm3np7ljubcvmxrNj5OJSeakur8FZdP36kaNfXQO7QbiCjnVEpPVxL/tRLDtxbw9/qetSwuQORfj9I1+tH+Al1CYq0Pr9YVaQqWdGAbxQzZT8Bs43rI3tqN9ddSOvm6dW6zNhljVUlxyQAokG5hl5XlJ"
          }
        }
      ]
    },
    {
      "mode": "data",
      "type": "ibm_pi_public_network",
      "name": "dsnetwork",
      "provider": "provider.ibm",
      "instances": [
        {
          "schema_version": 0,
          "attributes": {
            "id": "3dab6bf5-b7b8-48c7-8da1-9d96c0677e2d",
            "name": "mypublicnw",
            "network_id": null,
            "pi_cloud_instance_id": "f0f71cbe-7997-4924-8321-7f876a494973",
            "pi_network_name": null,
            "type": "pub-vlan",
            "vlan_id": 2012
          }
        }
      ]
    },
    {
      "mode": "data",
      "type": "ibm_pi_volume",
      "name": "dsvolume",
      "provider": "provider.ibm",
      "instances": [
        {
          "schema_version": 0,
          "attributes": {
            "bootable": false,
            "creation_date": null,
            "disk_type": "tier3",
            "id": "9b8ec073-eb70-4a74-ac80-c7d24b8de669",
            "name": null,
            "pi_cloud_instance_id": "f0f71cbe-7997-4924-8321-7f876a494973",
            "pi_volume_name": "myvol",
            "shareable": null,
            "size": 20,
            "state": "available"
          }
        }
      ]
    },
    {
      "mode": "managed",
      "type": "ibm_pi_instance",
      "name": "pvminstance",
      "provider": "provider.ibm",
      "instances": [
        {
          "schema_version": 0,
          "attributes": {
            "addresses": [
              {
                "external_ip": "",
                "ip": "10.0.44.196",
                "macaddress": "fa:da:dd:2e:4b:20",
                "network_id": "e57dde10-6c72-45e1-953e-3dc29cff2268",
                "network_name": "internal",
                "type": "fixed"
              },
              {
                "external_ip": "52.117.37.134",
                "ip": "192.168.128.134",
                "macaddress": "fa:da:dd:2e:4b:21",
                "network_id": "3dab6bf5-b7b8-48c7-8da1-9d96c0677e2d",
                "network_name": "mypublicnw",
                "type": "fixed"
              }
            ],
            "health_status": "OK",
            "id": "f0f71cbe-7997-4924-8321-7f876a494973/71b657b4-13dd-4651-a9f1-1075bd39b5eb",
            "instance_id": "71b657b4-13dd-4651-a9f1-1075bd39b5eb",
            "max_memory": 24,
            "max_processors": 0.5,
            "migratable": false,
            "min_memory": 6,
            "min_processors": 0.25,
            "pi_cloud_instance_id": "f0f71cbe-7997-4924-8321-7f876a494973",
            "pi_image_id": "a4d75c26-f7bb-4a37-999e-278cfe9579a3",
            "pi_instance_name": "test",
            "pi_key_pair_name": "TEST",
            "pi_memory": 12,
            "pi_network_ids": [
              "3dab6bf5-b7b8-48c7-8da1-9d96c0677e2d",
              "internal"
            ],
            "pi_pin_policy": "none",
            "pi_proc_type": "shared",
            "pi_processors": 0.25,
            "pi_progress": 0,
            "pi_replicants": 1,
            "pi_replication_policy": "none",
            "pi_replication_scheme": "suffix",
            "pi_sys_type": "s922",
            "pi_user_data": null,
            "pi_volume_ids": [
              "9b8ec073-eb70-4a74-ac80-c7d24b8de669"
            ],
            "pin_policy": "none",
            "reboot_for_resource_change": null,
            "status": "ACTIVE",
            "timeouts": null
          },
          "private": "eyJlMmJmYjczMC1lY2FhLTExZTYtOGY4OC0zNDM2M2JjN2M0YzAiOnsiY3JlYXRlIjozNjAwMDAwMDAwMDAwLCJkZWxldGUiOjM2MDAwMDAwMDAwMDAsInVwZGF0ZSI6MzYwMDAwMDAwMDAwMH19",
          "dependencies": [
            "ibm_pi_key.key",
            "ibm_pi_network.power_networks",
            "ibm_pi_volume.volume"
          ]
        }
      ]
    },
    {
      "mode": "managed",
      "type": "ibm_pi_key",
      "name": "key",
      "provider": "provider.ibm",
      "instances": [
        {
          "schema_version": 0,
          "attributes": {
            "id": "f0f71cbe-7997-4924-8321-7f876a494973/TEST",
            "key_id": "TEST",
            "pi_cloud_instance_id": "f0f71cbe-7997-4924-8321-7f876a494973",
            "pi_creation_date": null,
            "pi_key_name": "TEST",
            "pi_ssh_key": "ssh-rsa AAAAB3NzaC1yc2EAAAADAQABAAABAQCwSB2aPXJjf63vGJ2LUbZxjazahPSgYnfe0rXmx+rMCu7adJcXbM6GHN5LqEQ9OPnLv99YwraE6f5OgZtHVzzD8FBaXk5NdMxXNhSXD1P0MAbJnUMxgOK+2Siodl/0iF0EjuKuu3QneR68jA3c57/YkKK4MaZRVnG+KMTKw8A6LsLGUPFc/PyZcoNMZFCpZm3np7ljubcvmxrNj5OJSeakur8FZdP36kaNfXQO7QbiCjnVEpPVxL/tRLDtxbw9/qetSwuQORfj9I1+tH+Al1CYq0Pr9YVaQqWdGAbxQzZT8Bs43rI3tqN9ddSOvm6dW6zNhljVUlxyQAokG5hl5XlJ",
            "timeouts": null
          },
          "private": "eyJlMmJmYjczMC1lY2FhLTExZTYtOGY4OC0zNDM2M2JjN2M0YzAiOnsiY3JlYXRlIjozNjAwMDAwMDAwMDAwLCJkZWxldGUiOjM2MDAwMDAwMDAwMDB9fQ=="
        }
      ]
    },
    {
      "mode": "managed",
      "type": "ibm_pi_network",
      "name": "power_networks",
      "each": "list",
      "provider": "provider.ibm",
      "instances": [
        {
          "index_key": 0,
          "schema_version": 0,
          "attributes": {
            "id": "f0f71cbe-7997-4924-8321-7f876a494973/3dab6bf5-b7b8-48c7-8da1-9d96c0677e2d",
            "network_id": "3dab6bf5-b7b8-48c7-8da1-9d96c0677e2d",
            "pi_cidr": "192.168.128.128/29",
            "pi_cloud_instance_id": "f0f71cbe-7997-4924-8321-7f876a494973",
            "pi_dns": [],
            "pi_gateway": null,
            "pi_network_name": "mypublicnw",
            "pi_network_type": "pub-vlan",
            "timeouts": null,
            "vlan_id": 2012
          },
          "private": "eyJlMmJmYjczMC1lY2FhLTExZTYtOGY4OC0zNDM2M2JjN2M0YzAiOnsiY3JlYXRlIjozNjAwMDAwMDAwMDAwLCJkZWxldGUiOjM2MDAwMDAwMDAwMDB9fQ=="
        }
      ]
    },
    {
      "mode": "managed",
      "type": "ibm_pi_volume",
      "name": "volume",
      "provider": "provider.ibm",
      "instances": [
        {
          "schema_version": 0,
          "attributes": {
            "id": "f0f71cbe-7997-4924-8321-7f876a494973/9b8ec073-eb70-4a74-ac80-c7d24b8de669",
            "pi_cloud_instance_id": "f0f71cbe-7997-4924-8321-7f876a494973",
            "pi_volume_name": "myvol",
            "pi_volume_shareable": true,
            "pi_volume_size": 20,
            "pi_volume_type": "tier3",
            "timeouts": null,
            "volume_id": "9b8ec073-eb70-4a74-ac80-c7d24b8de669",
            "volume_status": "available"
          },
          "private": "eyJlMmJmYjczMC1lY2FhLTExZTYtOGY4OC0zNDM2M2JjN2M0YzAiOnsiY3JlYXRlIjozNjAwMDAwMDAwMDAwLCJkZWxldGUiOjM2MDAwMDAwMDAwMDAsInVwZGF0ZSI6MzYwMDAwMDAwMDAwMH19"
        }
      ]
    }
  ]
}
